// !$*UTF8*$!
{
	archiveVersion = 1;
	classes = {
	};
	objectVersion = 52;
	objects = {

/* Begin PBXBuildFile section */
		FC3BD6C923BAB3C800D673F2 /* AppDelegate.swift in Sources */ = {isa = PBXBuildFile; fileRef = FC3BD6C823BAB3C800D673F2 /* AppDelegate.swift */; };
		FC3BD6CB23BAB3C800D673F2 /* SceneDelegate.swift in Sources */ = {isa = PBXBuildFile; fileRef = FC3BD6CA23BAB3C800D673F2 /* SceneDelegate.swift */; };
		FC3BD6CD23BAB3C800D673F2 /* ContentView.swift in Sources */ = {isa = PBXBuildFile; fileRef = FC3BD6CC23BAB3C800D673F2 /* ContentView.swift */; };
		FC3BD6CF23BAB3C900D673F2 /* Assets.xcassets in Resources */ = {isa = PBXBuildFile; fileRef = FC3BD6CE23BAB3C900D673F2 /* Assets.xcassets */; };
		FC3BD6D223BAB3C900D673F2 /* Preview Assets.xcassets in Resources */ = {isa = PBXBuildFile; fileRef = FC3BD6D123BAB3C900D673F2 /* Preview Assets.xcassets */; };
		FC3BD6D523BAB3C900D673F2 /* LaunchScreen.storyboard in Resources */ = {isa = PBXBuildFile; fileRef = FC3BD6D323BAB3C900D673F2 /* LaunchScreen.storyboard */; };
		FC3BD6E123BAB40800D673F2 /* AppDelegate.swift in Sources */ = {isa = PBXBuildFile; fileRef = FC3BD6E023BAB40800D673F2 /* AppDelegate.swift */; };
		FC3BD6E523BAB40900D673F2 /* Assets.xcassets in Resources */ = {isa = PBXBuildFile; fileRef = FC3BD6E423BAB40900D673F2 /* Assets.xcassets */; };
		FC3BD6E823BAB40900D673F2 /* Preview Assets.xcassets in Resources */ = {isa = PBXBuildFile; fileRef = FC3BD6E723BAB40900D673F2 /* Preview Assets.xcassets */; };
		FC3BD6EB23BAB40900D673F2 /* LaunchScreen.storyboard in Resources */ = {isa = PBXBuildFile; fileRef = FC3BD6E923BAB40900D673F2 /* LaunchScreen.storyboard */; };
		FC3BD6F723BAB43B00D673F2 /* AppDelegate.swift in Sources */ = {isa = PBXBuildFile; fileRef = FC3BD6F623BAB43B00D673F2 /* AppDelegate.swift */; };
		FC3BD6FB23BAB43C00D673F2 /* Assets.xcassets in Resources */ = {isa = PBXBuildFile; fileRef = FC3BD6FA23BAB43C00D673F2 /* Assets.xcassets */; };
		FC3BD6FE23BAB43C00D673F2 /* Preview Assets.xcassets in Resources */ = {isa = PBXBuildFile; fileRef = FC3BD6FD23BAB43C00D673F2 /* Preview Assets.xcassets */; };
		FC3BD70123BAB43C00D673F2 /* Main.storyboard in Resources */ = {isa = PBXBuildFile; fileRef = FC3BD6FF23BAB43C00D673F2 /* Main.storyboard */; };
		FC3BD70D23BAB47000D673F2 /* watchOS WatchKit App.app in Embed Watch Content */ = {isa = PBXBuildFile; fileRef = FC3BD70C23BAB47000D673F2 /* watchOS WatchKit App.app */; settings = {ATTRIBUTES = (RemoveHeadersOnCopy, ); }; };
		FC3BD71323BAB47000D673F2 /* Interface.storyboard in Resources */ = {isa = PBXBuildFile; fileRef = FC3BD71123BAB47000D673F2 /* Interface.storyboard */; };
		FC3BD71523BAB47200D673F2 /* Assets.xcassets in Resources */ = {isa = PBXBuildFile; fileRef = FC3BD71423BAB47200D673F2 /* Assets.xcassets */; };
		FC3BD71C23BAB47200D673F2 /* watchOS WatchKit Extension.appex in Embed App Extensions */ = {isa = PBXBuildFile; fileRef = FC3BD71B23BAB47200D673F2 /* watchOS WatchKit Extension.appex */; settings = {ATTRIBUTES = (RemoveHeadersOnCopy, ); }; };
		FC3BD72323BAB47200D673F2 /* HostingController.swift in Sources */ = {isa = PBXBuildFile; fileRef = FC3BD72223BAB47200D673F2 /* HostingController.swift */; };
		FC3BD72523BAB47200D673F2 /* ExtensionDelegate.swift in Sources */ = {isa = PBXBuildFile; fileRef = FC3BD72423BAB47200D673F2 /* ExtensionDelegate.swift */; };
		FC3BD72723BAB47300D673F2 /* Assets.xcassets in Resources */ = {isa = PBXBuildFile; fileRef = FC3BD72623BAB47300D673F2 /* Assets.xcassets */; };
		FC3BD72A23BAB47300D673F2 /* Preview Assets.xcassets in Resources */ = {isa = PBXBuildFile; fileRef = FC3BD72923BAB47300D673F2 /* Preview Assets.xcassets */; };
		FC3BD73823BAB4F100D673F2 /* ContentView.swift in Sources */ = {isa = PBXBuildFile; fileRef = FC3BD6CC23BAB3C800D673F2 /* ContentView.swift */; };
		FC3BD73923BAB4F200D673F2 /* ContentView.swift in Sources */ = {isa = PBXBuildFile; fileRef = FC3BD6CC23BAB3C800D673F2 /* ContentView.swift */; };
		FC3BD73A23BAB4F300D673F2 /* ContentView.swift in Sources */ = {isa = PBXBuildFile; fileRef = FC3BD6CC23BAB3C800D673F2 /* ContentView.swift */; };
		FC3BD74223BAB55000D673F2 /* Espera in Frameworks */ = {isa = PBXBuildFile; productRef = FC3BD74123BAB55000D673F2 /* Espera */; };
		FC68EBA223BAB6150034978B /* Espera in Frameworks */ = {isa = PBXBuildFile; productRef = FC68EBA123BAB6150034978B /* Espera */; };
		FC68EBA423BAB6A80034978B /* Espera in Frameworks */ = {isa = PBXBuildFile; productRef = FC68EBA323BAB6A80034978B /* Espera */; };
		FC68EBD323BABEDF0034978B /* Espera in Frameworks */ = {isa = PBXBuildFile; productRef = FC68EBD223BABEDF0034978B /* Espera */; };
/* End PBXBuildFile section */

/* Begin PBXContainerItemProxy section */
		FC3BD70E23BAB47000D673F2 /* PBXContainerItemProxy */ = {
			isa = PBXContainerItemProxy;
			containerPortal = FC3BD6A323BAB36600D673F2 /* Project object */;
			proxyType = 1;
			remoteGlobalIDString = FC3BD70B23BAB47000D673F2;
			remoteInfo = "watchOS WatchKit App";
		};
		FC3BD71D23BAB47200D673F2 /* PBXContainerItemProxy */ = {
			isa = PBXContainerItemProxy;
			containerPortal = FC3BD6A323BAB36600D673F2 /* Project object */;
			proxyType = 1;
			remoteGlobalIDString = FC3BD71A23BAB47200D673F2;
			remoteInfo = "watchOS WatchKit Extension";
		};
/* End PBXContainerItemProxy section */

/* Begin PBXCopyFilesBuildPhase section */
		FC3BD72F23BAB47300D673F2 /* Embed App Extensions */ = {
			isa = PBXCopyFilesBuildPhase;
			buildActionMask = 2147483647;
			dstPath = "";
			dstSubfolderSpec = 13;
			files = (
				FC3BD71C23BAB47200D673F2 /* watchOS WatchKit Extension.appex in Embed App Extensions */,
			);
			name = "Embed App Extensions";
			runOnlyForDeploymentPostprocessing = 0;
		};
		FC3BD73323BAB47300D673F2 /* Embed Watch Content */ = {
			isa = PBXCopyFilesBuildPhase;
			buildActionMask = 2147483647;
			dstPath = "$(CONTENTS_FOLDER_PATH)/Watch";
			dstSubfolderSpec = 16;
			files = (
				FC3BD70D23BAB47000D673F2 /* watchOS WatchKit App.app in Embed Watch Content */,
			);
			name = "Embed Watch Content";
			runOnlyForDeploymentPostprocessing = 0;
		};
/* End PBXCopyFilesBuildPhase section */

/* Begin PBXFileReference section */
		FC3BD6C623BAB3C800D673F2 /* iOS.app */ = {isa = PBXFileReference; explicitFileType = wrapper.application; includeInIndex = 0; path = iOS.app; sourceTree = BUILT_PRODUCTS_DIR; };
		FC3BD6C823BAB3C800D673F2 /* AppDelegate.swift */ = {isa = PBXFileReference; lastKnownFileType = sourcecode.swift; path = AppDelegate.swift; sourceTree = "<group>"; };
		FC3BD6CA23BAB3C800D673F2 /* SceneDelegate.swift */ = {isa = PBXFileReference; lastKnownFileType = sourcecode.swift; path = SceneDelegate.swift; sourceTree = "<group>"; };
		FC3BD6CC23BAB3C800D673F2 /* ContentView.swift */ = {isa = PBXFileReference; lastKnownFileType = sourcecode.swift; path = ContentView.swift; sourceTree = "<group>"; };
		FC3BD6CE23BAB3C900D673F2 /* Assets.xcassets */ = {isa = PBXFileReference; lastKnownFileType = folder.assetcatalog; path = Assets.xcassets; sourceTree = "<group>"; };
		FC3BD6D123BAB3C900D673F2 /* Preview Assets.xcassets */ = {isa = PBXFileReference; lastKnownFileType = folder.assetcatalog; path = "Preview Assets.xcassets"; sourceTree = "<group>"; };
		FC3BD6D423BAB3C900D673F2 /* Base */ = {isa = PBXFileReference; lastKnownFileType = file.storyboard; name = Base; path = Base.lproj/LaunchScreen.storyboard; sourceTree = "<group>"; };
		FC3BD6D623BAB3C900D673F2 /* Info.plist */ = {isa = PBXFileReference; lastKnownFileType = text.plist.xml; path = Info.plist; sourceTree = "<group>"; };
		FC3BD6DE23BAB40800D673F2 /* tvOS.app */ = {isa = PBXFileReference; explicitFileType = wrapper.application; includeInIndex = 0; path = tvOS.app; sourceTree = BUILT_PRODUCTS_DIR; };
		FC3BD6E023BAB40800D673F2 /* AppDelegate.swift */ = {isa = PBXFileReference; lastKnownFileType = sourcecode.swift; path = AppDelegate.swift; sourceTree = "<group>"; };
		FC3BD6E423BAB40900D673F2 /* Assets.xcassets */ = {isa = PBXFileReference; lastKnownFileType = folder.assetcatalog; path = Assets.xcassets; sourceTree = "<group>"; };
		FC3BD6E723BAB40900D673F2 /* Preview Assets.xcassets */ = {isa = PBXFileReference; lastKnownFileType = folder.assetcatalog; path = "Preview Assets.xcassets"; sourceTree = "<group>"; };
		FC3BD6EA23BAB40900D673F2 /* Base */ = {isa = PBXFileReference; lastKnownFileType = file.storyboard; name = Base; path = Base.lproj/LaunchScreen.storyboard; sourceTree = "<group>"; };
		FC3BD6EC23BAB40900D673F2 /* Info.plist */ = {isa = PBXFileReference; lastKnownFileType = text.plist.xml; path = Info.plist; sourceTree = "<group>"; };
		FC3BD6F423BAB43B00D673F2 /* macOS.app */ = {isa = PBXFileReference; explicitFileType = wrapper.application; includeInIndex = 0; path = macOS.app; sourceTree = BUILT_PRODUCTS_DIR; };
		FC3BD6F623BAB43B00D673F2 /* AppDelegate.swift */ = {isa = PBXFileReference; lastKnownFileType = sourcecode.swift; path = AppDelegate.swift; sourceTree = "<group>"; };
		FC3BD6FA23BAB43C00D673F2 /* Assets.xcassets */ = {isa = PBXFileReference; lastKnownFileType = folder.assetcatalog; path = Assets.xcassets; sourceTree = "<group>"; };
		FC3BD6FD23BAB43C00D673F2 /* Preview Assets.xcassets */ = {isa = PBXFileReference; lastKnownFileType = folder.assetcatalog; path = "Preview Assets.xcassets"; sourceTree = "<group>"; };
		FC3BD70023BAB43C00D673F2 /* Base */ = {isa = PBXFileReference; lastKnownFileType = file.storyboard; name = Base; path = Base.lproj/Main.storyboard; sourceTree = "<group>"; };
		FC3BD70223BAB43C00D673F2 /* Info.plist */ = {isa = PBXFileReference; lastKnownFileType = text.plist.xml; path = Info.plist; sourceTree = "<group>"; };
		FC3BD70323BAB43C00D673F2 /* macOS.entitlements */ = {isa = PBXFileReference; lastKnownFileType = text.plist.entitlements; path = macOS.entitlements; sourceTree = "<group>"; };
		FC3BD70923BAB47000D673F2 /* watchOS.app */ = {isa = PBXFileReference; explicitFileType = wrapper.application; includeInIndex = 0; path = watchOS.app; sourceTree = BUILT_PRODUCTS_DIR; };
		FC3BD70C23BAB47000D673F2 /* watchOS WatchKit App.app */ = {isa = PBXFileReference; explicitFileType = wrapper.application; includeInIndex = 0; path = "watchOS WatchKit App.app"; sourceTree = BUILT_PRODUCTS_DIR; };
		FC3BD71223BAB47000D673F2 /* Base */ = {isa = PBXFileReference; lastKnownFileType = file.storyboard; name = Base; path = Base.lproj/Interface.storyboard; sourceTree = "<group>"; };
		FC3BD71423BAB47200D673F2 /* Assets.xcassets */ = {isa = PBXFileReference; lastKnownFileType = folder.assetcatalog; path = Assets.xcassets; sourceTree = "<group>"; };
		FC3BD71623BAB47200D673F2 /* Info.plist */ = {isa = PBXFileReference; lastKnownFileType = text.plist.xml; path = Info.plist; sourceTree = "<group>"; };
		FC3BD71B23BAB47200D673F2 /* watchOS WatchKit Extension.appex */ = {isa = PBXFileReference; explicitFileType = "wrapper.app-extension"; includeInIndex = 0; path = "watchOS WatchKit Extension.appex"; sourceTree = BUILT_PRODUCTS_DIR; };
		FC3BD72223BAB47200D673F2 /* HostingController.swift */ = {isa = PBXFileReference; lastKnownFileType = sourcecode.swift; path = HostingController.swift; sourceTree = "<group>"; };
		FC3BD72423BAB47200D673F2 /* ExtensionDelegate.swift */ = {isa = PBXFileReference; lastKnownFileType = sourcecode.swift; path = ExtensionDelegate.swift; sourceTree = "<group>"; };
		FC3BD72623BAB47300D673F2 /* Assets.xcassets */ = {isa = PBXFileReference; lastKnownFileType = folder.assetcatalog; path = Assets.xcassets; sourceTree = "<group>"; };
		FC3BD72923BAB47300D673F2 /* Preview Assets.xcassets */ = {isa = PBXFileReference; lastKnownFileType = folder.assetcatalog; path = "Preview Assets.xcassets"; sourceTree = "<group>"; };
		FC3BD72B23BAB47300D673F2 /* Info.plist */ = {isa = PBXFileReference; lastKnownFileType = text.plist.xml; path = Info.plist; sourceTree = "<group>"; };
/* End PBXFileReference section */

/* Begin PBXFrameworksBuildPhase section */
		FC3BD6C323BAB3C800D673F2 /* Frameworks */ = {
			isa = PBXFrameworksBuildPhase;
			buildActionMask = 2147483647;
			files = (
				FC68EBD323BABEDF0034978B /* Espera in Frameworks */,
			);
			runOnlyForDeploymentPostprocessing = 0;
		};
		FC3BD6DB23BAB40800D673F2 /* Frameworks */ = {
			isa = PBXFrameworksBuildPhase;
			buildActionMask = 2147483647;
			files = (
				FC68EBA223BAB6150034978B /* Espera in Frameworks */,
			);
			runOnlyForDeploymentPostprocessing = 0;
		};
		FC3BD6F123BAB43B00D673F2 /* Frameworks */ = {
			isa = PBXFrameworksBuildPhase;
			buildActionMask = 2147483647;
			files = (
				FC3BD74223BAB55000D673F2 /* Espera in Frameworks */,
			);
			runOnlyForDeploymentPostprocessing = 0;
		};
		FC3BD71823BAB47200D673F2 /* Frameworks */ = {
			isa = PBXFrameworksBuildPhase;
			buildActionMask = 2147483647;
			files = (
				FC68EBA423BAB6A80034978B /* Espera in Frameworks */,
			);
			runOnlyForDeploymentPostprocessing = 0;
		};
/* End PBXFrameworksBuildPhase section */

/* Begin PBXGroup section */
		FC3BD6A223BAB36600D673F2 = {
			isa = PBXGroup;
			children = (
				FC3BD73723BAB4E200D673F2 /* Shared */,
				FC3BD6C723BAB3C800D673F2 /* iOS */,
				FC3BD6DF23BAB40800D673F2 /* tvOS */,
				FC3BD6F523BAB43B00D673F2 /* macOS */,
				FC3BD71023BAB47000D673F2 /* watchOS WatchKit App */,
				FC3BD71F23BAB47200D673F2 /* watchOS WatchKit Extension */,
				FC3BD6AC23BAB36600D673F2 /* Products */,
				FC3BD73C23BAB54300D673F2 /* Frameworks */,
			);
			sourceTree = "<group>";
		};
		FC3BD6AC23BAB36600D673F2 /* Products */ = {
			isa = PBXGroup;
			children = (
				FC3BD6C623BAB3C800D673F2 /* iOS.app */,
				FC3BD6DE23BAB40800D673F2 /* tvOS.app */,
				FC3BD6F423BAB43B00D673F2 /* macOS.app */,
				FC3BD70923BAB47000D673F2 /* watchOS.app */,
				FC3BD70C23BAB47000D673F2 /* watchOS WatchKit App.app */,
				FC3BD71B23BAB47200D673F2 /* watchOS WatchKit Extension.appex */,
			);
			name = Products;
			sourceTree = "<group>";
		};
		FC3BD6C723BAB3C800D673F2 /* iOS */ = {
			isa = PBXGroup;
			children = (
				FC3BD6C823BAB3C800D673F2 /* AppDelegate.swift */,
				FC3BD6CA23BAB3C800D673F2 /* SceneDelegate.swift */,
				FC3BD6CE23BAB3C900D673F2 /* Assets.xcassets */,
				FC3BD6D323BAB3C900D673F2 /* LaunchScreen.storyboard */,
				FC3BD6D623BAB3C900D673F2 /* Info.plist */,
				FC3BD6D023BAB3C900D673F2 /* Preview Content */,
			);
			path = iOS;
			sourceTree = "<group>";
		};
		FC3BD6D023BAB3C900D673F2 /* Preview Content */ = {
			isa = PBXGroup;
			children = (
				FC3BD6D123BAB3C900D673F2 /* Preview Assets.xcassets */,
			);
			path = "Preview Content";
			sourceTree = "<group>";
		};
		FC3BD6DF23BAB40800D673F2 /* tvOS */ = {
			isa = PBXGroup;
			children = (
				FC3BD6E023BAB40800D673F2 /* AppDelegate.swift */,
				FC3BD6E423BAB40900D673F2 /* Assets.xcassets */,
				FC3BD6E923BAB40900D673F2 /* LaunchScreen.storyboard */,
				FC3BD6EC23BAB40900D673F2 /* Info.plist */,
				FC3BD6E623BAB40900D673F2 /* Preview Content */,
			);
			path = tvOS;
			sourceTree = "<group>";
		};
		FC3BD6E623BAB40900D673F2 /* Preview Content */ = {
			isa = PBXGroup;
			children = (
				FC3BD6E723BAB40900D673F2 /* Preview Assets.xcassets */,
			);
			path = "Preview Content";
			sourceTree = "<group>";
		};
		FC3BD6F523BAB43B00D673F2 /* macOS */ = {
			isa = PBXGroup;
			children = (
				FC3BD6F623BAB43B00D673F2 /* AppDelegate.swift */,
				FC3BD6FA23BAB43C00D673F2 /* Assets.xcassets */,
				FC3BD6FF23BAB43C00D673F2 /* Main.storyboard */,
				FC3BD70223BAB43C00D673F2 /* Info.plist */,
				FC3BD70323BAB43C00D673F2 /* macOS.entitlements */,
				FC3BD6FC23BAB43C00D673F2 /* Preview Content */,
			);
			path = macOS;
			sourceTree = "<group>";
		};
		FC3BD6FC23BAB43C00D673F2 /* Preview Content */ = {
			isa = PBXGroup;
			children = (
				FC3BD6FD23BAB43C00D673F2 /* Preview Assets.xcassets */,
			);
			path = "Preview Content";
			sourceTree = "<group>";
		};
		FC3BD71023BAB47000D673F2 /* watchOS WatchKit App */ = {
			isa = PBXGroup;
			children = (
				FC3BD71123BAB47000D673F2 /* Interface.storyboard */,
				FC3BD71423BAB47200D673F2 /* Assets.xcassets */,
				FC3BD71623BAB47200D673F2 /* Info.plist */,
			);
			path = "watchOS WatchKit App";
			sourceTree = "<group>";
		};
		FC3BD71F23BAB47200D673F2 /* watchOS WatchKit Extension */ = {
			isa = PBXGroup;
			children = (
				FC3BD72223BAB47200D673F2 /* HostingController.swift */,
				FC3BD72423BAB47200D673F2 /* ExtensionDelegate.swift */,
				FC3BD72623BAB47300D673F2 /* Assets.xcassets */,
				FC3BD72B23BAB47300D673F2 /* Info.plist */,
				FC3BD72823BAB47300D673F2 /* Preview Content */,
			);
			path = "watchOS WatchKit Extension";
			sourceTree = "<group>";
		};
		FC3BD72823BAB47300D673F2 /* Preview Content */ = {
			isa = PBXGroup;
			children = (
				FC3BD72923BAB47300D673F2 /* Preview Assets.xcassets */,
			);
			path = "Preview Content";
			sourceTree = "<group>";
		};
		FC3BD73723BAB4E200D673F2 /* Shared */ = {
			isa = PBXGroup;
			children = (
				FC3BD6CC23BAB3C800D673F2 /* ContentView.swift */,
			);
			path = Shared;
			sourceTree = "<group>";
		};
		FC3BD73C23BAB54300D673F2 /* Frameworks */ = {
			isa = PBXGroup;
			children = (
			);
			name = Frameworks;
			sourceTree = "<group>";
		};
/* End PBXGroup section */

/* Begin PBXNativeTarget section */
		FC3BD6C523BAB3C800D673F2 /* iOS */ = {
			isa = PBXNativeTarget;
			buildConfigurationList = FC3BD6D723BAB3C900D673F2 /* Build configuration list for PBXNativeTarget "iOS" */;
			buildPhases = (
				FC3BD6C223BAB3C800D673F2 /* Sources */,
				FC3BD6C323BAB3C800D673F2 /* Frameworks */,
				FC3BD6C423BAB3C800D673F2 /* Resources */,
			);
			buildRules = (
			);
			dependencies = (
			);
			name = iOS;
			packageProductDependencies = (
				FC68EBD223BABEDF0034978B /* Espera */,
			);
			productName = iOS;
			productReference = FC3BD6C623BAB3C800D673F2 /* iOS.app */;
			productType = "com.apple.product-type.application";
		};
		FC3BD6DD23BAB40800D673F2 /* tvOS */ = {
			isa = PBXNativeTarget;
			buildConfigurationList = FC3BD6ED23BAB40900D673F2 /* Build configuration list for PBXNativeTarget "tvOS" */;
			buildPhases = (
				FC3BD6DA23BAB40800D673F2 /* Sources */,
				FC3BD6DB23BAB40800D673F2 /* Frameworks */,
				FC3BD6DC23BAB40800D673F2 /* Resources */,
			);
			buildRules = (
			);
			dependencies = (
			);
			name = tvOS;
			packageProductDependencies = (
				FC68EBA123BAB6150034978B /* Espera */,
			);
			productName = tvOS;
			productReference = FC3BD6DE23BAB40800D673F2 /* tvOS.app */;
			productType = "com.apple.product-type.application";
		};
		FC3BD6F323BAB43B00D673F2 /* macOS */ = {
			isa = PBXNativeTarget;
			buildConfigurationList = FC3BD70423BAB43C00D673F2 /* Build configuration list for PBXNativeTarget "macOS" */;
			buildPhases = (
				FC3BD6F023BAB43B00D673F2 /* Sources */,
				FC3BD6F123BAB43B00D673F2 /* Frameworks */,
				FC3BD6F223BAB43B00D673F2 /* Resources */,
			);
			buildRules = (
			);
			dependencies = (
			);
			name = macOS;
			packageProductDependencies = (
				FC3BD74123BAB55000D673F2 /* Espera */,
			);
			productName = macOS;
			productReference = FC3BD6F423BAB43B00D673F2 /* macOS.app */;
			productType = "com.apple.product-type.application";
		};
		FC3BD70823BAB47000D673F2 /* watchOS */ = {
			isa = PBXNativeTarget;
			buildConfigurationList = FC3BD73423BAB47300D673F2 /* Build configuration list for PBXNativeTarget "watchOS" */;
			buildPhases = (
				FC3BD70723BAB47000D673F2 /* Resources */,
				FC3BD73323BAB47300D673F2 /* Embed Watch Content */,
			);
			buildRules = (
			);
			dependencies = (
				FC3BD70F23BAB47000D673F2 /* PBXTargetDependency */,
			);
			name = watchOS;
			productName = watchOS;
			productReference = FC3BD70923BAB47000D673F2 /* watchOS.app */;
			productType = "com.apple.product-type.application.watchapp2-container";
		};
		FC3BD70B23BAB47000D673F2 /* watchOS WatchKit App */ = {
			isa = PBXNativeTarget;
			buildConfigurationList = FC3BD73023BAB47300D673F2 /* Build configuration list for PBXNativeTarget "watchOS WatchKit App" */;
			buildPhases = (
				FC3BD70A23BAB47000D673F2 /* Resources */,
				FC3BD72F23BAB47300D673F2 /* Embed App Extensions */,
			);
			buildRules = (
			);
			dependencies = (
				FC3BD71E23BAB47200D673F2 /* PBXTargetDependency */,
			);
			name = "watchOS WatchKit App";
			productName = "watchOS WatchKit App";
			productReference = FC3BD70C23BAB47000D673F2 /* watchOS WatchKit App.app */;
			productType = "com.apple.product-type.application.watchapp2";
		};
		FC3BD71A23BAB47200D673F2 /* watchOS WatchKit Extension */ = {
			isa = PBXNativeTarget;
			buildConfigurationList = FC3BD72C23BAB47300D673F2 /* Build configuration list for PBXNativeTarget "watchOS WatchKit Extension" */;
			buildPhases = (
				FC3BD71723BAB47200D673F2 /* Sources */,
				FC3BD71823BAB47200D673F2 /* Frameworks */,
				FC3BD71923BAB47200D673F2 /* Resources */,
			);
			buildRules = (
			);
			dependencies = (
			);
			name = "watchOS WatchKit Extension";
			packageProductDependencies = (
				FC68EBA323BAB6A80034978B /* Espera */,
			);
			productName = "watchOS WatchKit Extension";
			productReference = FC3BD71B23BAB47200D673F2 /* watchOS WatchKit Extension.appex */;
			productType = "com.apple.product-type.watchkit2-extension";
		};
/* End PBXNativeTarget section */

/* Begin PBXProject section */
		FC3BD6A323BAB36600D673F2 /* Project object */ = {
			isa = PBXProject;
			attributes = {
				LastSwiftUpdateCheck = 1120;
				LastUpgradeCheck = 1120;
				ORGANIZATIONNAME = Ambi;
				TargetAttributes = {
					FC3BD6C523BAB3C800D673F2 = {
						CreatedOnToolsVersion = 11.2.1;
					};
					FC3BD6DD23BAB40800D673F2 = {
						CreatedOnToolsVersion = 11.2.1;
					};
					FC3BD6F323BAB43B00D673F2 = {
						CreatedOnToolsVersion = 11.2.1;
					};
					FC3BD70823BAB47000D673F2 = {
						CreatedOnToolsVersion = 11.2.1;
					};
					FC3BD70B23BAB47000D673F2 = {
						CreatedOnToolsVersion = 11.2.1;
					};
					FC3BD71A23BAB47200D673F2 = {
						CreatedOnToolsVersion = 11.2.1;
					};
				};
			};
			buildConfigurationList = FC3BD6A623BAB36600D673F2 /* Build configuration list for PBXProject "Example" */;
			compatibilityVersion = "Xcode 9.3";
			developmentRegion = en;
			hasScannedForEncodings = 0;
			knownRegions = (
				en,
				Base,
			);
			mainGroup = FC3BD6A223BAB36600D673F2;
			packageReferences = (
				FC68EBCF23BABED20034978B /* XCRemoteSwiftPackageReference "Espera" */,
			);
			productRefGroup = FC3BD6AC23BAB36600D673F2 /* Products */;
			projectDirPath = "";
			projectRoot = "";
			targets = (
				FC3BD6C523BAB3C800D673F2 /* iOS */,
				FC3BD6DD23BAB40800D673F2 /* tvOS */,
				FC3BD6F323BAB43B00D673F2 /* macOS */,
				FC3BD70823BAB47000D673F2 /* watchOS */,
				FC3BD70B23BAB47000D673F2 /* watchOS WatchKit App */,
				FC3BD71A23BAB47200D673F2 /* watchOS WatchKit Extension */,
			);
		};
/* End PBXProject section */

/* Begin PBXResourcesBuildPhase section */
		FC3BD6C423BAB3C800D673F2 /* Resources */ = {
			isa = PBXResourcesBuildPhase;
			buildActionMask = 2147483647;
			files = (
				FC3BD6D523BAB3C900D673F2 /* LaunchScreen.storyboard in Resources */,
				FC3BD6D223BAB3C900D673F2 /* Preview Assets.xcassets in Resources */,
				FC3BD6CF23BAB3C900D673F2 /* Assets.xcassets in Resources */,
			);
			runOnlyForDeploymentPostprocessing = 0;
		};
		FC3BD6DC23BAB40800D673F2 /* Resources */ = {
			isa = PBXResourcesBuildPhase;
			buildActionMask = 2147483647;
			files = (
				FC3BD6EB23BAB40900D673F2 /* LaunchScreen.storyboard in Resources */,
				FC3BD6E823BAB40900D673F2 /* Preview Assets.xcassets in Resources */,
				FC3BD6E523BAB40900D673F2 /* Assets.xcassets in Resources */,
			);
			runOnlyForDeploymentPostprocessing = 0;
		};
		FC3BD6F223BAB43B00D673F2 /* Resources */ = {
			isa = PBXResourcesBuildPhase;
			buildActionMask = 2147483647;
			files = (
				FC3BD70123BAB43C00D673F2 /* Main.storyboard in Resources */,
				FC3BD6FE23BAB43C00D673F2 /* Preview Assets.xcassets in Resources */,
				FC3BD6FB23BAB43C00D673F2 /* Assets.xcassets in Resources */,
			);
			runOnlyForDeploymentPostprocessing = 0;
		};
		FC3BD70723BAB47000D673F2 /* Resources */ = {
			isa = PBXResourcesBuildPhase;
			buildActionMask = 2147483647;
			files = (
			);
			runOnlyForDeploymentPostprocessing = 0;
		};
		FC3BD70A23BAB47000D673F2 /* Resources */ = {
			isa = PBXResourcesBuildPhase;
			buildActionMask = 2147483647;
			files = (
				FC3BD71523BAB47200D673F2 /* Assets.xcassets in Resources */,
				FC3BD71323BAB47000D673F2 /* Interface.storyboard in Resources */,
			);
			runOnlyForDeploymentPostprocessing = 0;
		};
		FC3BD71923BAB47200D673F2 /* Resources */ = {
			isa = PBXResourcesBuildPhase;
			buildActionMask = 2147483647;
			files = (
				FC3BD72A23BAB47300D673F2 /* Preview Assets.xcassets in Resources */,
				FC3BD72723BAB47300D673F2 /* Assets.xcassets in Resources */,
			);
			runOnlyForDeploymentPostprocessing = 0;
		};
/* End PBXResourcesBuildPhase section */

/* Begin PBXSourcesBuildPhase section */
		FC3BD6C223BAB3C800D673F2 /* Sources */ = {
			isa = PBXSourcesBuildPhase;
			buildActionMask = 2147483647;
			files = (
				FC3BD6C923BAB3C800D673F2 /* AppDelegate.swift in Sources */,
				FC3BD6CB23BAB3C800D673F2 /* SceneDelegate.swift in Sources */,
				FC3BD6CD23BAB3C800D673F2 /* ContentView.swift in Sources */,
			);
			runOnlyForDeploymentPostprocessing = 0;
		};
		FC3BD6DA23BAB40800D673F2 /* Sources */ = {
			isa = PBXSourcesBuildPhase;
			buildActionMask = 2147483647;
			files = (
				FC3BD6E123BAB40800D673F2 /* AppDelegate.swift in Sources */,
				FC3BD73823BAB4F100D673F2 /* ContentView.swift in Sources */,
			);
			runOnlyForDeploymentPostprocessing = 0;
		};
		FC3BD6F023BAB43B00D673F2 /* Sources */ = {
			isa = PBXSourcesBuildPhase;
			buildActionMask = 2147483647;
			files = (
				FC3BD6F723BAB43B00D673F2 /* AppDelegate.swift in Sources */,
				FC3BD73923BAB4F200D673F2 /* ContentView.swift in Sources */,
			);
			runOnlyForDeploymentPostprocessing = 0;
		};
		FC3BD71723BAB47200D673F2 /* Sources */ = {
			isa = PBXSourcesBuildPhase;
			buildActionMask = 2147483647;
			files = (
				FC3BD72323BAB47200D673F2 /* HostingController.swift in Sources */,
				FC3BD73A23BAB4F300D673F2 /* ContentView.swift in Sources */,
				FC3BD72523BAB47200D673F2 /* ExtensionDelegate.swift in Sources */,
			);
			runOnlyForDeploymentPostprocessing = 0;
		};
/* End PBXSourcesBuildPhase section */

/* Begin PBXTargetDependency section */
		FC3BD70F23BAB47000D673F2 /* PBXTargetDependency */ = {
			isa = PBXTargetDependency;
			target = FC3BD70B23BAB47000D673F2 /* watchOS WatchKit App */;
			targetProxy = FC3BD70E23BAB47000D673F2 /* PBXContainerItemProxy */;
		};
		FC3BD71E23BAB47200D673F2 /* PBXTargetDependency */ = {
			isa = PBXTargetDependency;
			target = FC3BD71A23BAB47200D673F2 /* watchOS WatchKit Extension */;
			targetProxy = FC3BD71D23BAB47200D673F2 /* PBXContainerItemProxy */;
		};
/* End PBXTargetDependency section */

/* Begin PBXVariantGroup section */
		FC3BD6D323BAB3C900D673F2 /* LaunchScreen.storyboard */ = {
			isa = PBXVariantGroup;
			children = (
				FC3BD6D423BAB3C900D673F2 /* Base */,
			);
			name = LaunchScreen.storyboard;
			sourceTree = "<group>";
		};
		FC3BD6E923BAB40900D673F2 /* LaunchScreen.storyboard */ = {
			isa = PBXVariantGroup;
			children = (
				FC3BD6EA23BAB40900D673F2 /* Base */,
			);
			name = LaunchScreen.storyboard;
			sourceTree = "<group>";
		};
		FC3BD6FF23BAB43C00D673F2 /* Main.storyboard */ = {
			isa = PBXVariantGroup;
			children = (
				FC3BD70023BAB43C00D673F2 /* Base */,
			);
			name = Main.storyboard;
			sourceTree = "<group>";
		};
		FC3BD71123BAB47000D673F2 /* Interface.storyboard */ = {
			isa = PBXVariantGroup;
			children = (
				FC3BD71223BAB47000D673F2 /* Base */,
			);
			name = Interface.storyboard;
			sourceTree = "<group>";
		};
/* End PBXVariantGroup section */

/* Begin XCBuildConfiguration section */
		FC3BD6BD23BAB36700D673F2 /* Debug */ = {
			isa = XCBuildConfiguration;
			buildSettings = {
				ALWAYS_SEARCH_USER_PATHS = NO;
				CLANG_ANALYZER_NONNULL = YES;
				CLANG_ANALYZER_NUMBER_OBJECT_CONVERSION = YES_AGGRESSIVE;
				CLANG_CXX_LANGUAGE_STANDARD = "gnu++14";
				CLANG_CXX_LIBRARY = "libc++";
				CLANG_ENABLE_MODULES = YES;
				CLANG_ENABLE_OBJC_ARC = YES;
				CLANG_ENABLE_OBJC_WEAK = YES;
				CLANG_WARN_BLOCK_CAPTURE_AUTORELEASING = YES;
				CLANG_WARN_BOOL_CONVERSION = YES;
				CLANG_WARN_COMMA = YES;
				CLANG_WARN_CONSTANT_CONVERSION = YES;
				CLANG_WARN_DEPRECATED_OBJC_IMPLEMENTATIONS = YES;
				CLANG_WARN_DIRECT_OBJC_ISA_USAGE = YES_ERROR;
				CLANG_WARN_DOCUMENTATION_COMMENTS = YES;
				CLANG_WARN_EMPTY_BODY = YES;
				CLANG_WARN_ENUM_CONVERSION = YES;
				CLANG_WARN_INFINITE_RECURSION = YES;
				CLANG_WARN_INT_CONVERSION = YES;
				CLANG_WARN_NON_LITERAL_NULL_CONVERSION = YES;
				CLANG_WARN_OBJC_IMPLICIT_RETAIN_SELF = YES;
				CLANG_WARN_OBJC_LITERAL_CONVERSION = YES;
				CLANG_WARN_OBJC_ROOT_CLASS = YES_ERROR;
				CLANG_WARN_RANGE_LOOP_ANALYSIS = YES;
				CLANG_WARN_STRICT_PROTOTYPES = YES;
				CLANG_WARN_SUSPICIOUS_MOVE = YES;
				CLANG_WARN_UNGUARDED_AVAILABILITY = YES_AGGRESSIVE;
				CLANG_WARN_UNREACHABLE_CODE = YES;
				CLANG_WARN__DUPLICATE_METHOD_MATCH = YES;
				COPY_PHASE_STRIP = NO;
				DEBUG_INFORMATION_FORMAT = dwarf;
				ENABLE_STRICT_OBJC_MSGSEND = YES;
				ENABLE_TESTABILITY = YES;
				GCC_C_LANGUAGE_STANDARD = gnu11;
				GCC_DYNAMIC_NO_PIC = NO;
				GCC_NO_COMMON_BLOCKS = YES;
				GCC_OPTIMIZATION_LEVEL = 0;
				GCC_PREPROCESSOR_DEFINITIONS = (
					"DEBUG=1",
					"$(inherited)",
				);
				GCC_WARN_64_TO_32_BIT_CONVERSION = YES;
				GCC_WARN_ABOUT_RETURN_TYPE = YES_ERROR;
				GCC_WARN_UNDECLARED_SELECTOR = YES;
				GCC_WARN_UNINITIALIZED_AUTOS = YES_AGGRESSIVE;
				GCC_WARN_UNUSED_FUNCTION = YES;
				GCC_WARN_UNUSED_VARIABLE = YES;
				IPHONEOS_DEPLOYMENT_TARGET = 13.0;
				MACOSX_DEPLOYMENT_TARGET = 10.15;
				MTL_ENABLE_DEBUG_INFO = INCLUDE_SOURCE;
				MTL_FAST_MATH = YES;
				ONLY_ACTIVE_ARCH = YES;
				SDKROOT = iphoneos;
				SWIFT_ACTIVE_COMPILATION_CONDITIONS = DEBUG;
				SWIFT_OPTIMIZATION_LEVEL = "-Onone";
				TVOS_DEPLOYMENT_TARGET = 13.0;
				WATCHOS_DEPLOYMENT_TARGET = 6.0;
			};
			name = Debug;
		};
		FC3BD6BE23BAB36700D673F2 /* Release */ = {
			isa = XCBuildConfiguration;
			buildSettings = {
				ALWAYS_SEARCH_USER_PATHS = NO;
				CLANG_ANALYZER_NONNULL = YES;
				CLANG_ANALYZER_NUMBER_OBJECT_CONVERSION = YES_AGGRESSIVE;
				CLANG_CXX_LANGUAGE_STANDARD = "gnu++14";
				CLANG_CXX_LIBRARY = "libc++";
				CLANG_ENABLE_MODULES = YES;
				CLANG_ENABLE_OBJC_ARC = YES;
				CLANG_ENABLE_OBJC_WEAK = YES;
				CLANG_WARN_BLOCK_CAPTURE_AUTORELEASING = YES;
				CLANG_WARN_BOOL_CONVERSION = YES;
				CLANG_WARN_COMMA = YES;
				CLANG_WARN_CONSTANT_CONVERSION = YES;
				CLANG_WARN_DEPRECATED_OBJC_IMPLEMENTATIONS = YES;
				CLANG_WARN_DIRECT_OBJC_ISA_USAGE = YES_ERROR;
				CLANG_WARN_DOCUMENTATION_COMMENTS = YES;
				CLANG_WARN_EMPTY_BODY = YES;
				CLANG_WARN_ENUM_CONVERSION = YES;
				CLANG_WARN_INFINITE_RECURSION = YES;
				CLANG_WARN_INT_CONVERSION = YES;
				CLANG_WARN_NON_LITERAL_NULL_CONVERSION = YES;
				CLANG_WARN_OBJC_IMPLICIT_RETAIN_SELF = YES;
				CLANG_WARN_OBJC_LITERAL_CONVERSION = YES;
				CLANG_WARN_OBJC_ROOT_CLASS = YES_ERROR;
				CLANG_WARN_RANGE_LOOP_ANALYSIS = YES;
				CLANG_WARN_STRICT_PROTOTYPES = YES;
				CLANG_WARN_SUSPICIOUS_MOVE = YES;
				CLANG_WARN_UNGUARDED_AVAILABILITY = YES_AGGRESSIVE;
				CLANG_WARN_UNREACHABLE_CODE = YES;
				CLANG_WARN__DUPLICATE_METHOD_MATCH = YES;
				COPY_PHASE_STRIP = NO;
				DEBUG_INFORMATION_FORMAT = "dwarf-with-dsym";
				ENABLE_NS_ASSERTIONS = NO;
				ENABLE_STRICT_OBJC_MSGSEND = YES;
				GCC_C_LANGUAGE_STANDARD = gnu11;
				GCC_NO_COMMON_BLOCKS = YES;
				GCC_WARN_64_TO_32_BIT_CONVERSION = YES;
				GCC_WARN_ABOUT_RETURN_TYPE = YES_ERROR;
				GCC_WARN_UNDECLARED_SELECTOR = YES;
				GCC_WARN_UNINITIALIZED_AUTOS = YES_AGGRESSIVE;
				GCC_WARN_UNUSED_FUNCTION = YES;
				GCC_WARN_UNUSED_VARIABLE = YES;
				IPHONEOS_DEPLOYMENT_TARGET = 13.0;
				MACOSX_DEPLOYMENT_TARGET = 10.15;
				MTL_ENABLE_DEBUG_INFO = NO;
				MTL_FAST_MATH = YES;
				SDKROOT = iphoneos;
				SWIFT_COMPILATION_MODE = wholemodule;
				SWIFT_OPTIMIZATION_LEVEL = "-O";
				TVOS_DEPLOYMENT_TARGET = 13.0;
				VALIDATE_PRODUCT = YES;
				WATCHOS_DEPLOYMENT_TARGET = 6.0;
			};
			name = Release;
		};
		FC3BD6D823BAB3C900D673F2 /* Debug */ = {
			isa = XCBuildConfiguration;
			buildSettings = {
				ASSETCATALOG_COMPILER_APPICON_NAME = AppIcon;
				CODE_SIGN_STYLE = Automatic;
				DEVELOPMENT_ASSET_PATHS = "\"iOS/Preview Content\"";
				DEVELOPMENT_TEAM = UACPD8D292;
				ENABLE_PREVIEWS = YES;
				INFOPLIST_FILE = iOS/Info.plist;
				LD_RUNPATH_SEARCH_PATHS = (
					"$(inherited)",
					"@executable_path/Frameworks",
				);
				PRODUCT_BUNDLE_IDENTIFIER = se.ambi.example.ios;
				PRODUCT_NAME = "$(TARGET_NAME)";
				SWIFT_VERSION = 5.0;
			};
			name = Debug;
		};
		FC3BD6D923BAB3C900D673F2 /* Release */ = {
			isa = XCBuildConfiguration;
			buildSettings = {
				ASSETCATALOG_COMPILER_APPICON_NAME = AppIcon;
				CODE_SIGN_STYLE = Automatic;
				DEVELOPMENT_ASSET_PATHS = "\"iOS/Preview Content\"";
				DEVELOPMENT_TEAM = UACPD8D292;
				ENABLE_PREVIEWS = YES;
				INFOPLIST_FILE = iOS/Info.plist;
				LD_RUNPATH_SEARCH_PATHS = (
					"$(inherited)",
					"@executable_path/Frameworks",
				);
				PRODUCT_BUNDLE_IDENTIFIER = se.ambi.example.ios;
				PRODUCT_NAME = "$(TARGET_NAME)";
				SWIFT_VERSION = 5.0;
			};
			name = Release;
		};
		FC3BD6EE23BAB40900D673F2 /* Debug */ = {
			isa = XCBuildConfiguration;
			buildSettings = {
				ASSETCATALOG_COMPILER_APPICON_NAME = "App Icon & Top Shelf Image";
				CODE_SIGN_STYLE = Automatic;
				DEVELOPMENT_ASSET_PATHS = "\"tvOS/Preview Content\"";
				DEVELOPMENT_TEAM = UACPD8D292;
				ENABLE_PREVIEWS = YES;
				INFOPLIST_FILE = tvOS/Info.plist;
				LD_RUNPATH_SEARCH_PATHS = (
					"$(inherited)",
					"@executable_path/Frameworks",
				);
				PRODUCT_BUNDLE_IDENTIFIER = se.ambi.example.tvos;
				PRODUCT_NAME = "$(TARGET_NAME)";
				SDKROOT = appletvos;
				SWIFT_VERSION = 5.0;
				TARGETED_DEVICE_FAMILY = 3;
			};
			name = Debug;
		};
		FC3BD6EF23BAB40900D673F2 /* Release */ = {
			isa = XCBuildConfiguration;
			buildSettings = {
				ASSETCATALOG_COMPILER_APPICON_NAME = "App Icon & Top Shelf Image";
				CODE_SIGN_STYLE = Automatic;
				DEVELOPMENT_ASSET_PATHS = "\"tvOS/Preview Content\"";
				DEVELOPMENT_TEAM = UACPD8D292;
				ENABLE_PREVIEWS = YES;
				INFOPLIST_FILE = tvOS/Info.plist;
				LD_RUNPATH_SEARCH_PATHS = (
					"$(inherited)",
					"@executable_path/Frameworks",
				);
				PRODUCT_BUNDLE_IDENTIFIER = se.ambi.example.tvos;
				PRODUCT_NAME = "$(TARGET_NAME)";
				SDKROOT = appletvos;
				SWIFT_VERSION = 5.0;
				TARGETED_DEVICE_FAMILY = 3;
			};
			name = Release;
		};
		FC3BD70523BAB43C00D673F2 /* Debug */ = {
			isa = XCBuildConfiguration;
			buildSettings = {
				ASSETCATALOG_COMPILER_APPICON_NAME = AppIcon;
				CODE_SIGN_ENTITLEMENTS = macOS/macOS.entitlements;
				CODE_SIGN_STYLE = Automatic;
				COMBINE_HIDPI_IMAGES = YES;
				DEVELOPMENT_ASSET_PATHS = "\"macOS/Preview Content\"";
				DEVELOPMENT_TEAM = UACPD8D292;
				ENABLE_HARDENED_RUNTIME = YES;
				ENABLE_PREVIEWS = YES;
				INFOPLIST_FILE = macOS/Info.plist;
				LD_RUNPATH_SEARCH_PATHS = (
					"$(inherited)",
					"@executable_path/../Frameworks",
				);
				PRODUCT_BUNDLE_IDENTIFIER = se.ambi.example.macos;
				PRODUCT_NAME = "$(TARGET_NAME)";
				SDKROOT = macosx;
				SWIFT_VERSION = 5.0;
			};
			name = Debug;
		};
		FC3BD70623BAB43C00D673F2 /* Release */ = {
			isa = XCBuildConfiguration;
			buildSettings = {
				ASSETCATALOG_COMPILER_APPICON_NAME = AppIcon;
				CODE_SIGN_ENTITLEMENTS = macOS/macOS.entitlements;
				CODE_SIGN_STYLE = Automatic;
				COMBINE_HIDPI_IMAGES = YES;
				DEVELOPMENT_ASSET_PATHS = "\"macOS/Preview Content\"";
				DEVELOPMENT_TEAM = UACPD8D292;
				ENABLE_HARDENED_RUNTIME = YES;
				ENABLE_PREVIEWS = YES;
				INFOPLIST_FILE = macOS/Info.plist;
				LD_RUNPATH_SEARCH_PATHS = (
					"$(inherited)",
					"@executable_path/../Frameworks",
				);
				PRODUCT_BUNDLE_IDENTIFIER = se.ambi.example.macos;
				PRODUCT_NAME = "$(TARGET_NAME)";
				SDKROOT = macosx;
				SWIFT_VERSION = 5.0;
			};
			name = Release;
		};
		FC3BD72D23BAB47300D673F2 /* Debug */ = {
			isa = XCBuildConfiguration;
			buildSettings = {
				ASSETCATALOG_COMPILER_COMPLICATION_NAME = Complication;
				CODE_SIGN_STYLE = Automatic;
				DEVELOPMENT_ASSET_PATHS = "\"watchOS WatchKit Extension/Preview Content\"";
				DEVELOPMENT_TEAM = UACPD8D292;
				ENABLE_PREVIEWS = YES;
				INFOPLIST_FILE = "watchOS WatchKit Extension/Info.plist";
				LD_RUNPATH_SEARCH_PATHS = (
					"$(inherited)",
					"@executable_path/Frameworks",
					"@executable_path/../../Frameworks",
				);
				PRODUCT_BUNDLE_IDENTIFIER = se.ambi.example.watchos.watchkitapp.watchkitextension;
				PRODUCT_NAME = "${TARGET_NAME}";
				SDKROOT = watchos;
				SKIP_INSTALL = YES;
				SWIFT_VERSION = 5.0;
				TARGETED_DEVICE_FAMILY = 4;
			};
			name = Debug;
		};
		FC3BD72E23BAB47300D673F2 /* Release */ = {
			isa = XCBuildConfiguration;
			buildSettings = {
				ASSETCATALOG_COMPILER_COMPLICATION_NAME = Complication;
				CODE_SIGN_STYLE = Automatic;
				DEVELOPMENT_ASSET_PATHS = "\"watchOS WatchKit Extension/Preview Content\"";
				DEVELOPMENT_TEAM = UACPD8D292;
				ENABLE_PREVIEWS = YES;
				INFOPLIST_FILE = "watchOS WatchKit Extension/Info.plist";
				LD_RUNPATH_SEARCH_PATHS = (
					"$(inherited)",
					"@executable_path/Frameworks",
					"@executable_path/../../Frameworks",
				);
				PRODUCT_BUNDLE_IDENTIFIER = se.ambi.example.watchos.watchkitapp.watchkitextension;
				PRODUCT_NAME = "${TARGET_NAME}";
				SDKROOT = watchos;
				SKIP_INSTALL = YES;
				SWIFT_VERSION = 5.0;
				TARGETED_DEVICE_FAMILY = 4;
			};
			name = Release;
		};
		FC3BD73123BAB47300D673F2 /* Debug */ = {
			isa = XCBuildConfiguration;
			buildSettings = {
				ALWAYS_EMBED_SWIFT_STANDARD_LIBRARIES = YES;
				ASSETCATALOG_COMPILER_APPICON_NAME = AppIcon;
				CODE_SIGN_STYLE = Automatic;
				DEVELOPMENT_TEAM = UACPD8D292;
				IBSC_MODULE = watchOS_WatchKit_Extension;
				INFOPLIST_FILE = "watchOS WatchKit App/Info.plist";
				PRODUCT_BUNDLE_IDENTIFIER = se.ambi.example.watchos.watchkitapp;
				PRODUCT_NAME = "$(TARGET_NAME)";
				SDKROOT = watchos;
				SKIP_INSTALL = YES;
				SWIFT_VERSION = 5.0;
				TARGETED_DEVICE_FAMILY = 4;
			};
			name = Debug;
		};
		FC3BD73223BAB47300D673F2 /* Release */ = {
			isa = XCBuildConfiguration;
			buildSettings = {
				ALWAYS_EMBED_SWIFT_STANDARD_LIBRARIES = YES;
				ASSETCATALOG_COMPILER_APPICON_NAME = AppIcon;
				CODE_SIGN_STYLE = Automatic;
				DEVELOPMENT_TEAM = UACPD8D292;
				IBSC_MODULE = watchOS_WatchKit_Extension;
				INFOPLIST_FILE = "watchOS WatchKit App/Info.plist";
				PRODUCT_BUNDLE_IDENTIFIER = se.ambi.example.watchos.watchkitapp;
				PRODUCT_NAME = "$(TARGET_NAME)";
				SDKROOT = watchos;
				SKIP_INSTALL = YES;
				SWIFT_VERSION = 5.0;
				TARGETED_DEVICE_FAMILY = 4;
			};
			name = Release;
		};
		FC3BD73523BAB47300D673F2 /* Debug */ = {
			isa = XCBuildConfiguration;
			buildSettings = {
				CODE_SIGN_STYLE = Automatic;
				CURRENT_PROJECT_VERSION = 1;
				DEVELOPMENT_TEAM = UACPD8D292;
				MARKETING_VERSION = 1.0;
				PRODUCT_BUNDLE_IDENTIFIER = se.ambi.example.watchos;
				PRODUCT_NAME = "$(TARGET_NAME)";
				SWIFT_VERSION = 5.0;
			};
			name = Debug;
		};
		FC3BD73623BAB47300D673F2 /* Release */ = {
			isa = XCBuildConfiguration;
			buildSettings = {
				CODE_SIGN_STYLE = Automatic;
				CURRENT_PROJECT_VERSION = 1;
				DEVELOPMENT_TEAM = UACPD8D292;
				MARKETING_VERSION = 1.0;
				PRODUCT_BUNDLE_IDENTIFIER = se.ambi.example.watchos;
				PRODUCT_NAME = "$(TARGET_NAME)";
				SWIFT_VERSION = 5.0;
			};
			name = Release;
		};
/* End XCBuildConfiguration section */

/* Begin XCConfigurationList section */
		FC3BD6A623BAB36600D673F2 /* Build configuration list for PBXProject "Example" */ = {
			isa = XCConfigurationList;
			buildConfigurations = (
				FC3BD6BD23BAB36700D673F2 /* Debug */,
				FC3BD6BE23BAB36700D673F2 /* Release */,
			);
			defaultConfigurationIsVisible = 0;
			defaultConfigurationName = Release;
		};
		FC3BD6D723BAB3C900D673F2 /* Build configuration list for PBXNativeTarget "iOS" */ = {
			isa = XCConfigurationList;
			buildConfigurations = (
				FC3BD6D823BAB3C900D673F2 /* Debug */,
				FC3BD6D923BAB3C900D673F2 /* Release */,
			);
			defaultConfigurationIsVisible = 0;
			defaultConfigurationName = Release;
		};
		FC3BD6ED23BAB40900D673F2 /* Build configuration list for PBXNativeTarget "tvOS" */ = {
			isa = XCConfigurationList;
			buildConfigurations = (
				FC3BD6EE23BAB40900D673F2 /* Debug */,
				FC3BD6EF23BAB40900D673F2 /* Release */,
			);
			defaultConfigurationIsVisible = 0;
			defaultConfigurationName = Release;
		};
		FC3BD70423BAB43C00D673F2 /* Build configuration list for PBXNativeTarget "macOS" */ = {
			isa = XCConfigurationList;
			buildConfigurations = (
				FC3BD70523BAB43C00D673F2 /* Debug */,
				FC3BD70623BAB43C00D673F2 /* Release */,
			);
			defaultConfigurationIsVisible = 0;
			defaultConfigurationName = Release;
		};
		FC3BD72C23BAB47300D673F2 /* Build configuration list for PBXNativeTarget "watchOS WatchKit Extension" */ = {
			isa = XCConfigurationList;
			buildConfigurations = (
				FC3BD72D23BAB47300D673F2 /* Debug */,
				FC3BD72E23BAB47300D673F2 /* Release */,
			);
			defaultConfigurationIsVisible = 0;
			defaultConfigurationName = Release;
		};
		FC3BD73023BAB47300D673F2 /* Build configuration list for PBXNativeTarget "watchOS WatchKit App" */ = {
			isa = XCConfigurationList;
			buildConfigurations = (
				FC3BD73123BAB47300D673F2 /* Debug */,
				FC3BD73223BAB47300D673F2 /* Release */,
			);
			defaultConfigurationIsVisible = 0;
			defaultConfigurationName = Release;
		};
		FC3BD73423BAB47300D673F2 /* Build configuration list for PBXNativeTarget "watchOS" */ = {
			isa = XCConfigurationList;
			buildConfigurations = (
				FC3BD73523BAB47300D673F2 /* Debug */,
				FC3BD73623BAB47300D673F2 /* Release */,
			);
			defaultConfigurationIsVisible = 0;
			defaultConfigurationName = Release;
		};
/* End XCConfigurationList section */

/* Begin XCRemoteSwiftPackageReference section */
		FC68EBCF23BABED20034978B /* XCRemoteSwiftPackageReference "Espera" */ = {
			isa = XCRemoteSwiftPackageReference;
			repositoryURL = "git@github.com:JagCesar/Espera.git";
			requirement = {
				branch = master;
				kind = branch;
			};
		};
/* End XCRemoteSwiftPackageReference section */

/* Begin XCSwiftPackageProductDependency section */
		FC3BD74123BAB55000D673F2 /* Espera */ = {
			isa = XCSwiftPackageProductDependency;
			productName = Espera;
		};
		FC68EBA123BAB6150034978B /* Espera */ = {
			isa = XCSwiftPackageProductDependency;
			productName = Espera;
		};
		FC68EBA323BAB6A80034978B /* Espera */ = {
			isa = XCSwiftPackageProductDependency;
			productName = Espera;
		};
		FC68EBD223BABEDF0034978B /* Espera */ = {
			isa = XCSwiftPackageProductDependency;
			package = FC68EBCF23BABED20034978B /* XCRemoteSwiftPackageReference "Espera" */;
			productName = Espera;
		};
/* End XCSwiftPackageProductDependency section */
	};
	rootObject = FC3BD6A323BAB36600D673F2 /* Project object */;
}
